--- 
dependencies: 
  ruby-debug: 
    group: 
    - :development
    version: ">= 0"
    require: []

  wrapt: 
    group: 
    - :default
    version: ">= 0"
  rake: 
    group: 
    - :development
    version: ">= 0"
    require: []

  http_router: 
    group: 
    - :default
    version: ">= 0"
  any_view: 
    group: 
    - :default
    version: ">= 0.2"
  haml: 
    group: 
    - :test
    version: ">= 0"
  thor: 
    group: 
    - :default
    version: ">= 0"
    require: []

  rack-accept-media-types: 
    group: 
    - :default
    version: ">= 0"
  hashie: 
    group: 
    - :default
    version: ">= 0"
  rspec: 
    group: 
    - :test
    version: ">= 0"
  rack: 
    group: 
    - :default
    version: ~> 1.1
  erubis: 
    group: 
    - :test
    version: ">= 0"
  json: 
    group: 
    - :default
    version: ">= 0"
  rack-test: 
    group: 
    - :default
    version: ">= 0"
  tilt: 
    group: 
    - :default
    version: ">= 0.10"
  activesupport: 
    group: 
    - :default
    version: ">= 3.0.0.beta4"
specs: 
- rake: 
    version: 0.8.7
- abstract: 
    version: 1.0.0
- activesupport: 
    version: 3.0.0.beta4
- columnize: 
    version: 0.3.1
- linecache: 
    version: "0.43"
- ruby-debug-base: 
    version: 0.10.3
- ruby-debug: 
    version: 0.10.3
- tilt: 
    version: "0.10"
- any_view: 
    version: 0.2.2
- erubis: 
    version: 2.6.5
- haml: 
    version: 3.0.12
- hashie: 
    version: 0.2.0
- rack: 
    version: 1.2.0
- url_mount: 
    version: 0.2.1
- http_router: 
    version: 0.2.4
- json: 
    version: 1.4.3
- rack-accept-media-types: 
    version: "0.9"
- rack-test: 
    version: 0.5.4
- rspec: 
    version: 1.3.0
- thor: 
    version: 0.13.6
- wrapt: 
    version: 0.1.7
hash: fedc5d0d5bdd49b758b0129ac9ae91bfcfe813de
sources: 
- Rubygems: 
    uri: http://gemcutter.org
