--- 
sources: 
- Rubygems: 
    uri: http://gemcutter.org
hash: 9373a481885e22686474154c10411b0730a8b5c3
dependencies: 
  wrapt: 
    version: ">= 0"
    group: 
    - :default
  rake: 
    version: ">= 0"
    require: []

    group: 
    - :development
  erubis: 
    version: ">= 0"
    group: 
    - :test
  rack: 
    version: ~> 1.1
    group: 
    - :default
  json: 
    version: ">= 0"
    group: 
    - :default
  haml: 
    version: ">= 0"
    group: 
    - :test
  any_view: 
    version: ">= 0.2.3"
    group: 
    - :default
  thor: 
    version: ">= 0"
    require: []

    group: 
    - :default
  activesupport: 
    version: ">= 3.0.0.beta4"
    group: 
    - :default
  rack-accept-media-types: 
    version: ">= 0"
    group: 
    - :default
  rspec: 
    version: ">= 0"
    group: 
    - :test
  http_router: 
    version: = 0.2.5
    group: 
    - :default
  rack-test: 
    version: ">= 0"
    group: 
    - :default
specs: 
- rake: 
    version: 0.8.7
- abstract: 
    version: 1.0.0
- activesupport: 
    version: 3.0.0.beta4
- tilt: 
    version: 1.0.1
- any_view: 
    version: 0.2.3
- erubis: 
    version: 2.6.5
- haml: 
    version: 3.0.12
- hashie: 
    version: 0.2.1
- rack: 
    version: 1.2.1
- url_mount: 
    version: 0.2.1
- http_router: 
    version: 0.2.5
- json: 
    version: 1.4.3
- rack-accept-media-types: 
    version: "0.9"
- rack-test: 
    version: 0.5.4
- rspec: 
    version: 1.3.0
- thor: 
    version: 0.13.6
- wrapt: 
    version: 0.1.7
